// !$*UTF8*$!
{
	archiveVersion = 1;
	classes = {
	};
	objectVersion = 50;
	objects = {

/* Begin PBXBuildFile section */
		E22D9BDE251158BF00D90361 /* File.swift in Sources */ = {isa = PBXBuildFile; fileRef = E22D9BDD251158BF00D90361 /* File.swift */; };
		E259C6D52507A7A3001898DB /* AppDelegate.swift in Sources */ = {isa = PBXBuildFile; fileRef = E259C6D42507A7A3001898DB /* AppDelegate.swift */; };
		E259C6D72507A7A3001898DB /* SceneDelegate.swift in Sources */ = {isa = PBXBuildFile; fileRef = E259C6D62507A7A3001898DB /* SceneDelegate.swift */; };
		E259C6D92507A7A3001898DB /* ViewController.swift in Sources */ = {isa = PBXBuildFile; fileRef = E259C6D82507A7A3001898DB /* ViewController.swift */; };
		E259C6DC2507A7A3001898DB /* Main.storyboard in Resources */ = {isa = PBXBuildFile; fileRef = E259C6DA2507A7A3001898DB /* Main.storyboard */; };
		E259C6DF2507A7A3001898DB /* DemoGitProject.xcdatamodeld in Sources */ = {isa = PBXBuildFile; fileRef = E259C6DD2507A7A3001898DB /* DemoGitProject.xcdatamodeld */; };
		E259C6E12507A7A5001898DB /* Assets.xcassets in Resources */ = {isa = PBXBuildFile; fileRef = E259C6E02507A7A5001898DB /* Assets.xcassets */; };
		E259C6E42507A7A5001898DB /* LaunchScreen.storyboard in Resources */ = {isa = PBXBuildFile; fileRef = E259C6E22507A7A5001898DB /* LaunchScreen.storyboard */; };
/* End PBXBuildFile section */

/* Begin PBXFileReference section */
		E22D9BDD251158BF00D90361 /* File.swift */ = {isa = PBXFileReference; lastKnownFileType = sourcecode.swift; path = File.swift; sourceTree = "<group>"; };
		E259C6D12507A7A3001898DB /* DemoGitProject.app */ = {isa = PBXFileReference; explicitFileType = wrapper.application; includeInIndex = 0; path = DemoGitProject.app; sourceTree = BUILT_PRODUCTS_DIR; };
		E259C6D42507A7A3001898DB /* AppDelegate.swift */ = {isa = PBXFileReference; lastKnownFileType = sourcecode.swift; path = AppDelegate.swift; sourceTree = "<group>"; };
		E259C6D62507A7A3001898DB /* SceneDelegate.swift */ = {isa = PBXFileReference; lastKnownFileType = sourcecode.swift; path = SceneDelegate.swift; sourceTree = "<group>"; };
		E259C6D82507A7A3001898DB /* ViewController.swift */ = {isa = PBXFileReference; lastKnownFileType = sourcecode.swift; path = ViewController.swift; sourceTree = "<group>"; };
		E259C6DB2507A7A3001898DB /* Base */ = {isa = PBXFileReference; lastKnownFileType = file.storyboard; name = Base; path = Base.lproj/Main.storyboard; sourceTree = "<group>"; };
		E259C6DE2507A7A3001898DB /* DemoGitProject.xcdatamodel */ = {isa = PBXFileReference; lastKnownFileType = wrapper.xcdatamodel; path = DemoGitProject.xcdatamodel; sourceTree = "<group>"; };
		E259C6E02507A7A5001898DB /* Assets.xcassets */ = {isa = PBXFileReference; lastKnownFileType = folder.assetcatalog; path = Assets.xcassets; sourceTree = "<group>"; };
		E259C6E32507A7A5001898DB /* Base */ = {isa = PBXFileReference; lastKnownFileType = file.storyboard; name = Base; path = Base.lproj/LaunchScreen.storyboard; sourceTree = "<group>"; };
		E259C6E52507A7A5001898DB /* Info.plist */ = {isa = PBXFileReference; lastKnownFileType = text.plist.xml; path = Info.plist; sourceTree = "<group>"; };
/* End PBXFileReference section */

/* Begin PBXFrameworksBuildPhase section */
		E259C6CE2507A7A3001898DB /* Frameworks */ = {
			isa = PBXFrameworksBuildPhase;
			buildActionMask = 2147483647;
			files = (
			);
			runOnlyForDeploymentPostprocessing = 0;
		};
/* End PBXFrameworksBuildPhase section */

/* Begin PBXGroup section */
		E259C6C82507A7A3001898DB = {
			isa = PBXGroup;
			children = (
				E259C6D32507A7A3001898DB /* DemoGitProject */,
				E259C6D22507A7A3001898DB /* Products */,
			);
			sourceTree = "<group>";
		};
		E259C6D22507A7A3001898DB /* Products */ = {
			isa = PBXGroup;
			children = (
				E259C6D12507A7A3001898DB /* DemoGitProject.app */,
			);
			name = Products;
			sourceTree = "<group>";
		};
		E259C6D32507A7A3001898DB /* DemoGitProject */ = {
			isa = PBXGroup;
			children = (
				E259C6D42507A7A3001898DB /* AppDelegate.swift */,
				E259C6D62507A7A3001898DB /* SceneDelegate.swift */,
				E259C6D82507A7A3001898DB /* ViewController.swift */,
				E22D9BDD251158BF00D90361 /* File.swift */,
				E259C6DA2507A7A3001898DB /* Main.storyboard */,
				E259C6E02507A7A5001898DB /* Assets.xcassets */,
				E259C6E22507A7A5001898DB /* LaunchScreen.storyboard */,
				E259C6E52507A7A5001898DB /* Info.plist */,
				E259C6DD2507A7A3001898DB /* DemoGitProject.xcdatamodeld */,
			);
			path = DemoGitProject;
			sourceTree = "<group>";
		};
/* End PBXGroup section */

/* Begin PBXNativeTarget section */
		E259C6D02507A7A3001898DB /* DemoGitProject */ = {
			isa = PBXNativeTarget;
			buildConfigurationList = E259C6E82507A7A5001898DB /* Build configuration list for PBXNativeTarget "DemoGitProject" */;
			buildPhases = (
				E259C6CD2507A7A3001898DB /* Sources */,
				E259C6CE2507A7A3001898DB /* Frameworks */,
				E259C6CF2507A7A3001898DB /* Resources */,
			);
			buildRules = (
			);
			dependencies = (
			);
			name = DemoGitProject;
			productName = DemoGitProject;
			productReference = E259C6D12507A7A3001898DB /* DemoGitProject.app */;
			productType = "com.apple.product-type.application";
		};
/* End PBXNativeTarget section */

/* Begin PBXProject section */
		E259C6C92507A7A3001898DB /* Project object */ = {
			isa = PBXProject;
			attributes = {
				LastSwiftUpdateCheck = 1150;
				LastUpgradeCheck = 1150;
				ORGANIZATIONNAME = Vivek;
				TargetAttributes = {
					E259C6D02507A7A3001898DB = {
						CreatedOnToolsVersion = 11.5;
					};
				};
			};
			buildConfigurationList = E259C6CC2507A7A3001898DB /* Build configuration list for PBXProject "DemoGitProject" */;
			compatibilityVersion = "Xcode 9.3";
			developmentRegion = en;
			hasScannedForEncodings = 0;
			knownRegions = (
				en,
				Base,
			);
			mainGroup = E259C6C82507A7A3001898DB;
			productRefGroup = E259C6D22507A7A3001898DB /* Products */;
			projectDirPath = "";
			projectRoot = "";
			targets = (
				E259C6D02507A7A3001898DB /* DemoGitProject */,
			);
		};
/* End PBXProject section */

/* Begin PBXResourcesBuildPhase section */
		E259C6CF2507A7A3001898DB /* Resources */ = {
			isa = PBXResourcesBuildPhase;
			buildActionMask = 2147483647;
			files = (
				E259C6E42507A7A5001898DB /* LaunchScreen.storyboard in Resources */,
				E259C6E12507A7A5001898DB /* Assets.xcassets in Resources */,
				E259C6DC2507A7A3001898DB /* Main.storyboard in Resources */,
			);
			runOnlyForDeploymentPostprocessing = 0;
		};
/* End PBXResourcesBuildPhase section */

/* Begin PBXSourcesBuildPhase section */
		E259C6CD2507A7A3001898DB /* Sources */ = {
			isa = PBXSourcesBuildPhase;
			buildActionMask = 2147483647;
			files = (
				E22D9BDE251158BF00D90361 /* File.swift in Sources */,
				E259C6D92507A7A3001898DB /* ViewController.swift in Sources */,
				E259C6D52507A7A3001898DB /* AppDelegate.swift in Sources */,
				E259C6D72507A7A3001898DB /* SceneDelegate.swift in Sources */,
				E259C6DF2507A7A3001898DB /* DemoGitProject.xcdatamodeld in Sources */,
			);
			runOnlyForDeploymentPostprocessing = 0;
		};
/* End PBXSourcesBuildPhase section */

/* Begin PBXVariantGroup section */
		E259C6DA2507A7A3001898DB /* Main.storyboard */ = {
			isa = PBXVariantGroup;
			children = (
				E259C6DB2507A7A3001898DB /* Base */,
			);
			name = Main.storyboard;
			sourceTree = "<group>";
		};
		E259C6E22507A7A5001898DB /* LaunchScreen.storyboard */ = {
			isa = PBXVariantGroup;
			children = (
				E259C6E32507A7A5001898DB /* Base */,
			);
			name = LaunchScreen.storyboard;
			sourceTree = "<group>";
		};
/* End PBXVariantGroup section */

/* Begin XCBuildConfiguration section */
		E259C6E62507A7A5001898DB /* Debug */ = {
			isa = XCBuildConfiguration;
			buildSettings = {
				ALWAYS_SEARCH_USER_PATHS = NO;
				CLANG_ANALYZER_NONNULL = YES;
				CLANG_ANALYZER_NUMBER_OBJECT_CONVERSION = YES_AGGRESSIVE;
				CLANG_CXX_LANGUAGE_STANDARD = "gnu++14";
				CLANG_CXX_LIBRARY = "libc++";
				CLANG_ENABLE_MODULES = YES;
				CLANG_ENABLE_OBJC_ARC = YES;
				CLANG_ENABLE_OBJC_WEAK = YES;
				CLANG_WARN_BLOCK_CAPTURE_AUTORELEASING = YES;
				CLANG_WARN_BOOL_CONVERSION = YES;
				CLANG_WARN_COMMA = YES;
				CLANG_WARN_CONSTANT_CONVERSION = YES;
				CLANG_WARN_DEPRECATED_OBJC_IMPLEMENTATIONS = YES;
				CLANG_WARN_DIRECT_OBJC_ISA_USAGE = YES_ERROR;
				CLANG_WARN_DOCUMENTATION_COMMENTS = YES;
				CLANG_WARN_EMPTY_BODY = YES;
				CLANG_WARN_ENUM_CONVERSION = YES;
				CLANG_WARN_INFINITE_RECURSION = YES;
				CLANG_WARN_INT_CONVERSION = YES;
				CLANG_WARN_NON_LITERAL_NULL_CONVERSION = YES;
				CLANG_WARN_OBJC_IMPLICIT_RETAIN_SELF = YES;
				CLANG_WARN_OBJC_LITERAL_CONVERSION = YES;
				CLANG_WARN_OBJC_ROOT_CLASS = YES_ERROR;
				CLANG_WARN_RANGE_LOOP_ANALYSIS = YES;
				CLANG_WARN_STRICT_PROTOTYPES = YES;
				CLANG_WARN_SUSPICIOUS_MOVE = YES;
				CLANG_WARN_UNGUARDED_AVAILABILITY = YES_AGGRESSIVE;
				CLANG_WARN_UNREACHABLE_CODE = YES;
				CLANG_WARN__DUPLICATE_METHOD_MATCH = YES;
				COPY_PHASE_STRIP = NO;
				DEBUG_INFORMATION_FORMAT = dwarf;
				ENABLE_STRICT_OBJC_MSGSEND = YES;
				ENABLE_TESTABILITY = YES;
				GCC_C_LANGUAGE_STANDARD = gnu11;
				GCC_DYNAMIC_NO_PIC = NO;
				GCC_NO_COMMON_BLOCKS = YES;
				GCC_OPTIMIZATION_LEVEL = 0;
				GCC_PREPROCESSOR_DEFINITIONS = (
					"DEBUG=1",
					"$(inherited)",
				);
				GCC_WARN_64_TO_32_BIT_CONVERSION = YES;
				GCC_WARN_ABOUT_RETURN_TYPE = YES_ERROR;
				GCC_WARN_UNDECLARED_SELECTOR = YES;
				GCC_WARN_UNINITIALIZED_AUTOS = YES_AGGRESSIVE;
				GCC_WARN_UNUSED_FUNCTION = YES;
				GCC_WARN_UNUSED_VARIABLE = YES;
				IPHONEOS_DEPLOYMENT_TARGET = 13.5;
				MTL_ENABLE_DEBUG_INFO = INCLUDE_SOURCE;
				MTL_FAST_MATH = YES;
				ONLY_ACTIVE_ARCH = YES;
				SDKROOT = iphoneos;
				SWIFT_ACTIVE_COMPILATION_CONDITIONS = DEBUG;
				SWIFT_OPTIMIZATION_LEVEL = "-Onone";
			};
			name = Debug;
		};
		E259C6E72507A7A5001898DB /* Release */ = {
			isa = XCBuildConfiguration;
			buildSettings = {
				ALWAYS_SEARCH_USER_PATHS = NO;
				CLANG_ANALYZER_NONNULL = YES;
				CLANG_ANALYZER_NUMBER_OBJECT_CONVERSION = YES_AGGRESSIVE;
				CLANG_CXX_LANGUAGE_STANDARD = "gnu++14";
				CLANG_CXX_LIBRARY = "libc++";
				CLANG_ENABLE_MODULES = YES;
				CLANG_ENABLE_OBJC_ARC = YES;
				CLANG_ENABLE_OBJC_WEAK = YES;
				CLANG_WARN_BLOCK_CAPTURE_AUTORELEASING = YES;
				CLANG_WARN_BOOL_CONVERSION = YES;
				CLANG_WARN_COMMA = YES;
				CLANG_WARN_CONSTANT_CONVERSION = YES;
				CLANG_WARN_DEPRECATED_OBJC_IMPLEMENTATIONS = YES;
				CLANG_WARN_DIRECT_OBJC_ISA_USAGE = YES_ERROR;
				CLANG_WARN_DOCUMENTATION_COMMENTS = YES;
				CLANG_WARN_EMPTY_BODY = YES;
				CLANG_WARN_ENUM_CONVERSION = YES;
				CLANG_WARN_INFINITE_RECURSION = YES;
				CLANG_WARN_INT_CONVERSION = YES;
				CLANG_WARN_NON_LITERAL_NULL_CONVERSION = YES;
				CLANG_WARN_OBJC_IMPLICIT_RETAIN_SELF = YES;
				CLANG_WARN_OBJC_LITERAL_CONVERSION = YES;
				CLANG_WARN_OBJC_ROOT_CLASS = YES_ERROR;
				CLANG_WARN_RANGE_LOOP_ANALYSIS = YES;
				CLANG_WARN_STRICT_PROTOTYPES = YES;
				CLANG_WARN_SUSPICIOUS_MOVE = YES;
				CLANG_WARN_UNGUARDED_AVAILABILITY = YES_AGGRESSIVE;
				CLANG_WARN_UNREACHABLE_CODE = YES;
				CLANG_WARN__DUPLICATE_METHOD_MATCH = YES;
				COPY_PHASE_STRIP = NO;
				DEBUG_INFORMATION_FORMAT = "dwarf-with-dsym";
				ENABLE_NS_ASSERTIONS = NO;
				ENABLE_STRICT_OBJC_MSGSEND = YES;
				GCC_C_LANGUAGE_STANDARD = gnu11;
				GCC_NO_COMMON_BLOCKS = YES;
				GCC_WARN_64_TO_32_BIT_CONVERSION = YES;
				GCC_WARN_ABOUT_RETURN_TYPE = YES_ERROR;
				GCC_WARN_UNDECLARED_SELECTOR = YES;
				GCC_WARN_UNINITIALIZED_AUTOS = YES_AGGRESSIVE;
				GCC_WARN_UNUSED_FUNCTION = YES;
				GCC_WARN_UNUSED_VARIABLE = YES;
				IPHONEOS_DEPLOYMENT_TARGET = 13.5;
				MTL_ENABLE_DEBUG_INFO = NO;
				MTL_FAST_MATH = YES;
				SDKROOT = iphoneos;
				SWIFT_COMPILATION_MODE = wholemodule;
				SWIFT_OPTIMIZATION_LEVEL = "-O";
				VALIDATE_PRODUCT = YES;
			};
			name = Release;
		};
		E259C6E92507A7A5001898DB /* Debug */ = {
			isa = XCBuildConfiguration;
			buildSettings = {
				ASSETCATALOG_COMPILER_APPICON_NAME = AppIcon;
				CODE_SIGN_STYLE = Automatic;
				INFOPLIST_FILE = DemoGitProject/Info.plist;
				LD_RUNPATH_SEARCH_PATHS = (
					"$(inherited)",
					"@executable_path/Frameworks",
				);
				PRODUCT_BUNDLE_IDENTIFIER = p.DemoGitProject;
				PRODUCT_NAME = "$(TARGET_NAME)";
				SWIFT_VERSION = 5.0;
				TARGETED_DEVICE_FAMILY = "1,2";
			};
			name = Debug;
		};
		E259C6EA2507A7A5001898DB /* Release */ = {
			isa = XCBuildConfiguration;
			buildSettings = {
				ASSETCATALOG_COMPILER_APPICON_NAME = AppIcon;
				CODE_SIGN_STYLE = Automatic;
				INFOPLIST_FILE = DemoGitProject/Info.plist;
				LD_RUNPATH_SEARCH_PATHS = (
					"$(inherited)",
					"@executable_path/Frameworks",
				);
				PRODUCT_BUNDLE_IDENTIFIER = p.DemoGitProject;
				PRODUCT_NAME = "$(TARGET_NAME)";
				SWIFT_VERSION = 5.0;
				TARGETED_DEVICE_FAMILY = "1,2";
			};
			name = Release;
		};
/* End XCBuildConfiguration section */

/* Begin XCConfigurationList section */
		E259C6CC2507A7A3001898DB /* Build configuration list for PBXProject "DemoGitProject" */ = {
			isa = XCConfigurationList;
			buildConfigurations = (
				E259C6E62507A7A5001898DB /* Debug */,
				E259C6E72507A7A5001898DB /* Release */,
			);
			defaultConfigurationIsVisible = 0;
			defaultConfigurationName = Release;
		};
		E259C6E82507A7A5001898DB /* Build configuration list for PBXNativeTarget "DemoGitProject" */ = {
			isa = XCConfigurationList;
			buildConfigurations = (
				E259C6E92507A7A5001898DB /* Debug */,
				E259C6EA2507A7A5001898DB /* Release */,
			);
			defaultConfigurationIsVisible = 0;
			defaultConfigurationName = Release;
		};
/* End XCConfigurationList section */

/* Begin XCVersionGroup section */
		E259C6DD2507A7A3001898DB /* DemoGitProject.xcdatamodeld */ = {
			isa = XCVersionGroup;
			children = (
				E259C6DE2507A7A3001898DB /* DemoGitProject.xcdatamodel */,
			);
			currentVersion = E259C6DE2507A7A3001898DB /* DemoGitProject.xcdatamodel */;
			path = DemoGitProject.xcdatamodeld;
			sourceTree = "<group>";
			versionGroupType = wrapper.xcdatamodel;
		};
/* End XCVersionGroup section */
	};
	rootObject = E259C6C92507A7A3001898DB /* Project object */;
}
